
Microsoft Visual Studio Solution File, Format Version 12.00
# Visual Studio Version 16
VisualStudioVersion = 16.0.30517.126
MinimumVisualStudioVersion = 10.0.40219.1
Project("{F184B08F-C81C-45F6-A57F-5ABD9991F28F}") = "DWM", "DWM\DWM.vbproj", "{BC9AB52F-0BA1-44D0-90D3-A5E6FBABB919}"
EndProject
Global
	GlobalSection(SolutionConfigurationPlatforms) = preSolution
		Debug|Any CPU = Debug|Any CPU
		Release|Any CPU = Release|Any CPU
	EndGlobalSection
	GlobalSection(ProjectConfigurationPlatforms) = postSolution
		{BC9AB52F-0BA1-44D0-90D3-A5E6FBABB919}.Debug|Any CPU.ActiveCfg = Debug|Any CPU
		{BC9AB52F-0BA1-44D0-90D3-A5E6FBABB919}.Debug|Any CPU.Build.0 = Debug|Any CPU
		{BC9AB52F-0BA1-44D0-90D3-A5E6FBABB919}.Release|Any CPU.ActiveCfg = Release|Any CPU
		{BC9AB52F-0BA1-44D0-90D3-A5E6FBABB919}.Release|Any CPU.Build.0 = Release|Any CPU
	EndGlobalSection
	GlobalSection(SolutionProperties) = preSolution
		HideSolutionNode = FALSE
	EndGlobalSection
	GlobalSection(ExtensibilityGlobals) = postSolution
		SolutionGuid = {32210D6B-E6E6-472C-9310-1BFCE2FE2332}
	EndGlobalSection
EndGlobal
